
Microsoft Visual Studio Solution File, Format Version 12.00
# Visual Studio Version 16
VisualStudioVersion = 16.0.34931.43
MinimumVisualStudioVersion = 10.0.40219.1
Project("{9A19103F-16F7-4668-BE54-9A1E7A4F7556}") = "Api_Post", "Api_Post\Api_Post.csproj", "{3717F9E0-ADE6-463C-84FD-8C7030EF69CB}"
EndProject
Global
	GlobalSection(SolutionConfigurationPlatforms) = preSolution
		Debug|Any CPU = Debug|Any CPU
		Release|Any CPU = Release|Any CPU
	EndGlobalSection
	GlobalSection(ProjectConfigurationPlatforms) = postSolution
		{3717F9E0-ADE6-463C-84FD-8C7030EF69CB}.Debug|Any CPU.ActiveCfg = Debug|Any CPU
		{3717F9E0-ADE6-463C-84FD-8C7030EF69CB}.Debug|Any CPU.Build.0 = Debug|Any CPU
		{3717F9E0-ADE6-463C-84FD-8C7030EF69CB}.Release|Any CPU.ActiveCfg = Release|Any CPU
		{3717F9E0-ADE6-463C-84FD-8C7030EF69CB}.Release|Any CPU.Build.0 = Release|Any CPU
	EndGlobalSection
	GlobalSection(SolutionProperties) = preSolution
		HideSolutionNode = FALSE
	EndGlobalSection
	GlobalSection(ExtensibilityGlobals) = postSolution
		SolutionGuid = {E62D1A66-1C01-4975-A833-D19056464888}
	EndGlobalSection
EndGlobal
